
Microsoft Visual Studio Solution File, Format Version 12.00
# Visual Studio 2013
VisualStudioVersion = 12.0.21005.1
MinimumVisualStudioVersion = 10.0.40219.1
Project("{FAE04EC0-301F-11D3-BF4B-00C04F79EFBC}") = "Tretton37.Knowabunga.Web", "Tretton37.Knowabunga.Web\Tretton37.Knowabunga.Web.csproj", "{DC6C24C7-3D24-4BE3-A89D-6CB71B2F9385}"
EndProject
Project("{2150E333-8FDC-42A3-9474-1A3956D46DE8}") = ".nuget", ".nuget", "{6CBC411F-A7A0-422E-ABB5-EA596E35C2C5}"
	ProjectSection(SolutionItems) = preProject
		.nuget\NuGet.Config = .nuget\NuGet.Config
		.nuget\NuGet.exe = .nuget\NuGet.exe
		.nuget\NuGet.targets = .nuget\NuGet.targets
	EndProjectSection
EndProject
Project("{FAE04EC0-301F-11D3-BF4B-00C04F79EFBC}") = "Tretton37.Knowabunga.Core", "Tretton37.Knowabunga.Core\Tretton37.Knowabunga.Core.csproj", "{C5BA9898-D92B-4B30-9927-CBD9592ED501}"
EndProject
Global
	GlobalSection(SolutionConfigurationPlatforms) = preSolution
		Debug|Any CPU = Debug|Any CPU
		Release|Any CPU = Release|Any CPU
	EndGlobalSection
	GlobalSection(ProjectConfigurationPlatforms) = postSolution
		{DC6C24C7-3D24-4BE3-A89D-6CB71B2F9385}.Debug|Any CPU.ActiveCfg = Debug|Any CPU
		{DC6C24C7-3D24-4BE3-A89D-6CB71B2F9385}.Debug|Any CPU.Build.0 = Debug|Any CPU
		{DC6C24C7-3D24-4BE3-A89D-6CB71B2F9385}.Release|Any CPU.ActiveCfg = Release|Any CPU
		{DC6C24C7-3D24-4BE3-A89D-6CB71B2F9385}.Release|Any CPU.Build.0 = Release|Any CPU
		{C5BA9898-D92B-4B30-9927-CBD9592ED501}.Debug|Any CPU.ActiveCfg = Debug|Any CPU
		{C5BA9898-D92B-4B30-9927-CBD9592ED501}.Debug|Any CPU.Build.0 = Debug|Any CPU
		{C5BA9898-D92B-4B30-9927-CBD9592ED501}.Release|Any CPU.ActiveCfg = Release|Any CPU
		{C5BA9898-D92B-4B30-9927-CBD9592ED501}.Release|Any CPU.Build.0 = Release|Any CPU
	EndGlobalSection
	GlobalSection(SolutionProperties) = preSolution
		HideSolutionNode = FALSE
	EndGlobalSection
EndGlobal
